// !$*UTF8*$!
{
	archiveVersion = 1;
	classes = {
	};
	objectVersion = 50;
	objects = {

/* Begin PBXBuildFile section */
		06039EEC21B13F7000CC2881 /* AppDelegate.swift in Sources */ = {isa = PBXBuildFile; fileRef = 06039EEB21B13F7000CC2881 /* AppDelegate.swift */; };
		06039EEE21B13F7000CC2881 /* ViewController.swift in Sources */ = {isa = PBXBuildFile; fileRef = 06039EED21B13F7000CC2881 /* ViewController.swift */; };
		06039EF121B13F7000CC2881 /* Main.storyboard in Resources */ = {isa = PBXBuildFile; fileRef = 06039EEF21B13F7000CC2881 /* Main.storyboard */; };
		06039EF321B13F7600CC2881 /* Assets.xcassets in Resources */ = {isa = PBXBuildFile; fileRef = 06039EF221B13F7600CC2881 /* Assets.xcassets */; };
		06039EF621B13F7600CC2881 /* LaunchScreen.storyboard in Resources */ = {isa = PBXBuildFile; fileRef = 06039EF421B13F7600CC2881 /* LaunchScreen.storyboard */; };
		06039F0121B13F7600CC2881 /* Metal181130Tests.swift in Sources */ = {isa = PBXBuildFile; fileRef = 06039F0021B13F7600CC2881 /* Metal181130Tests.swift */; };
		06039F0C21B13F7600CC2881 /* Metal181130UITests.swift in Sources */ = {isa = PBXBuildFile; fileRef = 06039F0B21B13F7600CC2881 /* Metal181130UITests.swift */; };
/* End PBXBuildFile section */

/* Begin PBXContainerItemProxy section */
		06039EFD21B13F7600CC2881 /* PBXContainerItemProxy */ = {
			isa = PBXContainerItemProxy;
			containerPortal = 06039EE021B13F7000CC2881 /* Project object */;
			proxyType = 1;
			remoteGlobalIDString = 06039EE721B13F7000CC2881;
			remoteInfo = Metal181130;
		};
		06039F0821B13F7600CC2881 /* PBXContainerItemProxy */ = {
			isa = PBXContainerItemProxy;
			containerPortal = 06039EE021B13F7000CC2881 /* Project object */;
			proxyType = 1;
			remoteGlobalIDString = 06039EE721B13F7000CC2881;
			remoteInfo = Metal181130;
		};
/* End PBXContainerItemProxy section */

/* Begin PBXFileReference section */
		06039EE821B13F7000CC2881 /* Metal181130.app */ = {isa = PBXFileReference; explicitFileType = wrapper.application; includeInIndex = 0; path = Metal181130.app; sourceTree = BUILT_PRODUCTS_DIR; };
		06039EEB21B13F7000CC2881 /* AppDelegate.swift */ = {isa = PBXFileReference; lastKnownFileType = sourcecode.swift; path = AppDelegate.swift; sourceTree = "<group>"; };
		06039EED21B13F7000CC2881 /* ViewController.swift */ = {isa = PBXFileReference; lastKnownFileType = sourcecode.swift; path = ViewController.swift; sourceTree = "<group>"; };
		06039EF021B13F7000CC2881 /* Base */ = {isa = PBXFileReference; lastKnownFileType = file.storyboard; name = Base; path = Base.lproj/Main.storyboard; sourceTree = "<group>"; };
		06039EF221B13F7600CC2881 /* Assets.xcassets */ = {isa = PBXFileReference; lastKnownFileType = folder.assetcatalog; path = Assets.xcassets; sourceTree = "<group>"; };
		06039EF521B13F7600CC2881 /* Base */ = {isa = PBXFileReference; lastKnownFileType = file.storyboard; name = Base; path = Base.lproj/LaunchScreen.storyboard; sourceTree = "<group>"; };
		06039EF721B13F7600CC2881 /* Info.plist */ = {isa = PBXFileReference; lastKnownFileType = text.plist.xml; path = Info.plist; sourceTree = "<group>"; };
		06039EFC21B13F7600CC2881 /* Metal181130Tests.xctest */ = {isa = PBXFileReference; explicitFileType = wrapper.cfbundle; includeInIndex = 0; path = Metal181130Tests.xctest; sourceTree = BUILT_PRODUCTS_DIR; };
		06039F0021B13F7600CC2881 /* Metal181130Tests.swift */ = {isa = PBXFileReference; lastKnownFileType = sourcecode.swift; path = Metal181130Tests.swift; sourceTree = "<group>"; };
		06039F0221B13F7600CC2881 /* Info.plist */ = {isa = PBXFileReference; lastKnownFileType = text.plist.xml; path = Info.plist; sourceTree = "<group>"; };
		06039F0721B13F7600CC2881 /* Metal181130UITests.xctest */ = {isa = PBXFileReference; explicitFileType = wrapper.cfbundle; includeInIndex = 0; path = Metal181130UITests.xctest; sourceTree = BUILT_PRODUCTS_DIR; };
		06039F0B21B13F7600CC2881 /* Metal181130UITests.swift */ = {isa = PBXFileReference; lastKnownFileType = sourcecode.swift; path = Metal181130UITests.swift; sourceTree = "<group>"; };
		06039F0D21B13F7600CC2881 /* Info.plist */ = {isa = PBXFileReference; lastKnownFileType = text.plist.xml; path = Info.plist; sourceTree = "<group>"; };
/* End PBXFileReference section */

/* Begin PBXFrameworksBuildPhase section */
		06039EE521B13F7000CC2881 /* Frameworks */ = {
			isa = PBXFrameworksBuildPhase;
			buildActionMask = 2147483647;
			files = (
			);
			runOnlyForDeploymentPostprocessing = 0;
		};
		06039EF921B13F7600CC2881 /* Frameworks */ = {
			isa = PBXFrameworksBuildPhase;
			buildActionMask = 2147483647;
			files = (
			);
			runOnlyForDeploymentPostprocessing = 0;
		};
		06039F0421B13F7600CC2881 /* Frameworks */ = {
			isa = PBXFrameworksBuildPhase;
			buildActionMask = 2147483647;
			files = (
			);
			runOnlyForDeploymentPostprocessing = 0;
		};
/* End PBXFrameworksBuildPhase section */

/* Begin PBXGroup section */
		06039EDF21B13F7000CC2881 = {
			isa = PBXGroup;
			children = (
				06039EEA21B13F7000CC2881 /* Metal181130 */,
				06039EFF21B13F7600CC2881 /* Metal181130Tests */,
				06039F0A21B13F7600CC2881 /* Metal181130UITests */,
				06039EE921B13F7000CC2881 /* Products */,
			);
			sourceTree = "<group>";
		};
		06039EE921B13F7000CC2881 /* Products */ = {
			isa = PBXGroup;
			children = (
				06039EE821B13F7000CC2881 /* Metal181130.app */,
				06039EFC21B13F7600CC2881 /* Metal181130Tests.xctest */,
				06039F0721B13F7600CC2881 /* Metal181130UITests.xctest */,
			);
			name = Products;
			sourceTree = "<group>";
		};
		06039EEA21B13F7000CC2881 /* Metal181130 */ = {
			isa = PBXGroup;
			children = (
				06039EEB21B13F7000CC2881 /* AppDelegate.swift */,
				06039EED21B13F7000CC2881 /* ViewController.swift */,
				06039EEF21B13F7000CC2881 /* Main.storyboard */,
				06039EF221B13F7600CC2881 /* Assets.xcassets */,
				06039EF421B13F7600CC2881 /* LaunchScreen.storyboard */,
				06039EF721B13F7600CC2881 /* Info.plist */,
			);
			path = Metal181130;
			sourceTree = "<group>";
		};
		06039EFF21B13F7600CC2881 /* Metal181130Tests */ = {
			isa = PBXGroup;
			children = (
				06039F0021B13F7600CC2881 /* Metal181130Tests.swift */,
				06039F0221B13F7600CC2881 /* Info.plist */,
			);
			path = Metal181130Tests;
			sourceTree = "<group>";
		};
		06039F0A21B13F7600CC2881 /* Metal181130UITests */ = {
			isa = PBXGroup;
			children = (
				06039F0B21B13F7600CC2881 /* Metal181130UITests.swift */,
				06039F0D21B13F7600CC2881 /* Info.plist */,
			);
			path = Metal181130UITests;
			sourceTree = "<group>";
		};
/* End PBXGroup section */

/* Begin PBXNativeTarget section */
		06039EE721B13F7000CC2881 /* Metal181130 */ = {
			isa = PBXNativeTarget;
			buildConfigurationList = 06039F1021B13F7600CC2881 /* Build configuration list for PBXNativeTarget "Metal181130" */;
			buildPhases = (
				06039EE421B13F7000CC2881 /* Sources */,
				06039EE521B13F7000CC2881 /* Frameworks */,
				06039EE621B13F7000CC2881 /* Resources */,
			);
			buildRules = (
			);
			dependencies = (
			);
			name = Metal181130;
			productName = Metal181130;
			productReference = 06039EE821B13F7000CC2881 /* Metal181130.app */;
			productType = "com.apple.product-type.application";
		};
		06039EFB21B13F7600CC2881 /* Metal181130Tests */ = {
			isa = PBXNativeTarget;
			buildConfigurationList = 06039F1321B13F7600CC2881 /* Build configuration list for PBXNativeTarget "Metal181130Tests" */;
			buildPhases = (
				06039EF821B13F7600CC2881 /* Sources */,
				06039EF921B13F7600CC2881 /* Frameworks */,
				06039EFA21B13F7600CC2881 /* Resources */,
			);
			buildRules = (
			);
			dependencies = (
				06039EFE21B13F7600CC2881 /* PBXTargetDependency */,
			);
			name = Metal181130Tests;
			productName = Metal181130Tests;
			productReference = 06039EFC21B13F7600CC2881 /* Metal181130Tests.xctest */;
			productType = "com.apple.product-type.bundle.unit-test";
		};
		06039F0621B13F7600CC2881 /* Metal181130UITests */ = {
			isa = PBXNativeTarget;
			buildConfigurationList = 06039F1621B13F7600CC2881 /* Build configuration list for PBXNativeTarget "Metal181130UITests" */;
			buildPhases = (
				06039F0321B13F7600CC2881 /* Sources */,
				06039F0421B13F7600CC2881 /* Frameworks */,
				06039F0521B13F7600CC2881 /* Resources */,
			);
			buildRules = (
			);
			dependencies = (
				06039F0921B13F7600CC2881 /* PBXTargetDependency */,
			);
			name = Metal181130UITests;
			productName = Metal181130UITests;
			productReference = 06039F0721B13F7600CC2881 /* Metal181130UITests.xctest */;
			productType = "com.apple.product-type.bundle.ui-testing";
		};
/* End PBXNativeTarget section */

/* Begin PBXProject section */
		06039EE021B13F7000CC2881 /* Project object */ = {
			isa = PBXProject;
			attributes = {
				LastSwiftUpdateCheck = 1010;
				LastUpgradeCheck = 1010;
				ORGANIZATIONNAME = "余河川";
				TargetAttributes = {
					06039EE721B13F7000CC2881 = {
						CreatedOnToolsVersion = 10.1;
					};
					06039EFB21B13F7600CC2881 = {
						CreatedOnToolsVersion = 10.1;
						TestTargetID = 06039EE721B13F7000CC2881;
					};
					06039F0621B13F7600CC2881 = {
						CreatedOnToolsVersion = 10.1;
						TestTargetID = 06039EE721B13F7000CC2881;
					};
				};
			};
			buildConfigurationList = 06039EE321B13F7000CC2881 /* Build configuration list for PBXProject "Metal181130" */;
			compatibilityVersion = "Xcode 9.3";
			developmentRegion = en;
			hasScannedForEncodings = 0;
			knownRegions = (
				en,
				Base,
			);
			mainGroup = 06039EDF21B13F7000CC2881;
			productRefGroup = 06039EE921B13F7000CC2881 /* Products */;
			projectDirPath = "";
			projectRoot = "";
			targets = (
				06039EE721B13F7000CC2881 /* Metal181130 */,
				06039EFB21B13F7600CC2881 /* Metal181130Tests */,
				06039F0621B13F7600CC2881 /* Metal181130UITests */,
			);
		};
/* End PBXProject section */

/* Begin PBXResourcesBuildPhase section */
		06039EE621B13F7000CC2881 /* Resources */ = {
			isa = PBXResourcesBuildPhase;
			buildActionMask = 2147483647;
			files = (
				06039EF621B13F7600CC2881 /* LaunchScreen.storyboard in Resources */,
				06039EF321B13F7600CC2881 /* Assets.xcassets in Resources */,
				06039EF121B13F7000CC2881 /* Main.storyboard in Resources */,
			);
			runOnlyForDeploymentPostprocessing = 0;
		};
		06039EFA21B13F7600CC2881 /* Resources */ = {
			isa = PBXResourcesBuildPhase;
			buildActionMask = 2147483647;
			files = (
			);
			runOnlyForDeploymentPostprocessing = 0;
		};
		06039F0521B13F7600CC2881 /* Resources */ = {
			isa = PBXResourcesBuildPhase;
			buildActionMask = 2147483647;
			files = (
			);
			runOnlyForDeploymentPostprocessing = 0;
		};
/* End PBXResourcesBuildPhase section */

/* Begin PBXSourcesBuildPhase section */
		06039EE421B13F7000CC2881 /* Sources */ = {
			isa = PBXSourcesBuildPhase;
			buildActionMask = 2147483647;
			files = (
				06039EEE21B13F7000CC2881 /* ViewController.swift in Sources */,
				06039EEC21B13F7000CC2881 /* AppDelegate.swift in Sources */,
			);
			runOnlyForDeploymentPostprocessing = 0;
		};
		06039EF821B13F7600CC2881 /* Sources */ = {
			isa = PBXSourcesBuildPhase;
			buildActionMask = 2147483647;
			files = (
				06039F0121B13F7600CC2881 /* Metal181130Tests.swift in Sources */,
			);
			runOnlyForDeploymentPostprocessing = 0;
		};
		06039F0321B13F7600CC2881 /* Sources */ = {
			isa = PBXSourcesBuildPhase;
			buildActionMask = 2147483647;
			files = (
				06039F0C21B13F7600CC2881 /* Metal181130UITests.swift in Sources */,
			);
			runOnlyForDeploymentPostprocessing = 0;
		};
/* End PBXSourcesBuildPhase section */

/* Begin PBXTargetDependency section */
		06039EFE21B13F7600CC2881 /* PBXTargetDependency */ = {
			isa = PBXTargetDependency;
			target = 06039EE721B13F7000CC2881 /* Metal181130 */;
			targetProxy = 06039EFD21B13F7600CC2881 /* PBXContainerItemProxy */;
		};
		06039F0921B13F7600CC2881 /* PBXTargetDependency */ = {
			isa = PBXTargetDependency;
			target = 06039EE721B13F7000CC2881 /* Metal181130 */;
			targetProxy = 06039F0821B13F7600CC2881 /* PBXContainerItemProxy */;
		};
/* End PBXTargetDependency section */

/* Begin PBXVariantGroup section */
		06039EEF21B13F7000CC2881 /* Main.storyboard */ = {
			isa = PBXVariantGroup;
			children = (
				06039EF021B13F7000CC2881 /* Base */,
			);
			name = Main.storyboard;
			sourceTree = "<group>";
		};
		06039EF421B13F7600CC2881 /* LaunchScreen.storyboard */ = {
			isa = PBXVariantGroup;
			children = (
				06039EF521B13F7600CC2881 /* Base */,
			);
			name = LaunchScreen.storyboard;
			sourceTree = "<group>";
		};
/* End PBXVariantGroup section */

/* Begin XCBuildConfiguration section */
		06039F0E21B13F7600CC2881 /* Debug */ = {
			isa = XCBuildConfiguration;
			buildSettings = {
				ALWAYS_SEARCH_USER_PATHS = NO;
				CLANG_ANALYZER_NONNULL = YES;
				CLANG_ANALYZER_NUMBER_OBJECT_CONVERSION = YES_AGGRESSIVE;
				CLANG_CXX_LANGUAGE_STANDARD = "gnu++14";
				CLANG_CXX_LIBRARY = "libc++";
				CLANG_ENABLE_MODULES = YES;
				CLANG_ENABLE_OBJC_ARC = YES;
				CLANG_ENABLE_OBJC_WEAK = YES;
				CLANG_WARN_BLOCK_CAPTURE_AUTORELEASING = YES;
				CLANG_WARN_BOOL_CONVERSION = YES;
				CLANG_WARN_COMMA = YES;
				CLANG_WARN_CONSTANT_CONVERSION = YES;
				CLANG_WARN_DEPRECATED_OBJC_IMPLEMENTATIONS = YES;
				CLANG_WARN_DIRECT_OBJC_ISA_USAGE = YES_ERROR;
				CLANG_WARN_DOCUMENTATION_COMMENTS = YES;
				CLANG_WARN_EMPTY_BODY = YES;
				CLANG_WARN_ENUM_CONVERSION = YES;
				CLANG_WARN_INFINITE_RECURSION = YES;
				CLANG_WARN_INT_CONVERSION = YES;
				CLANG_WARN_NON_LITERAL_NULL_CONVERSION = YES;
				CLANG_WARN_OBJC_IMPLICIT_RETAIN_SELF = YES;
				CLANG_WARN_OBJC_LITERAL_CONVERSION = YES;
				CLANG_WARN_OBJC_ROOT_CLASS = YES_ERROR;
				CLANG_WARN_RANGE_LOOP_ANALYSIS = YES;
				CLANG_WARN_STRICT_PROTOTYPES = YES;
				CLANG_WARN_SUSPICIOUS_MOVE = YES;
				CLANG_WARN_UNGUARDED_AVAILABILITY = YES_AGGRESSIVE;
				CLANG_WARN_UNREACHABLE_CODE = YES;
				CLANG_WARN__DUPLICATE_METHOD_MATCH = YES;
				CODE_SIGN_IDENTITY = "iPhone Developer";
				COPY_PHASE_STRIP = NO;
				DEBUG_INFORMATION_FORMAT = dwarf;
				ENABLE_STRICT_OBJC_MSGSEND = YES;
				ENABLE_TESTABILITY = YES;
				GCC_C_LANGUAGE_STANDARD = gnu11;
				GCC_DYNAMIC_NO_PIC = NO;
				GCC_NO_COMMON_BLOCKS = YES;
				GCC_OPTIMIZATION_LEVEL = 0;
				GCC_PREPROCESSOR_DEFINITIONS = (
					"DEBUG=1",
					"$(inherited)",
				);
				GCC_WARN_64_TO_32_BIT_CONVERSION = YES;
				GCC_WARN_ABOUT_RETURN_TYPE = YES_ERROR;
				GCC_WARN_UNDECLARED_SELECTOR = YES;
				GCC_WARN_UNINITIALIZED_AUTOS = YES_AGGRESSIVE;
				GCC_WARN_UNUSED_FUNCTION = YES;
				GCC_WARN_UNUSED_VARIABLE = YES;
				IPHONEOS_DEPLOYMENT_TARGET = 12.1;
				MTL_ENABLE_DEBUG_INFO = INCLUDE_SOURCE;
				MTL_FAST_MATH = YES;
				ONLY_ACTIVE_ARCH = YES;
				SDKROOT = iphoneos;
				SWIFT_ACTIVE_COMPILATION_CONDITIONS = DEBUG;
				SWIFT_OPTIMIZATION_LEVEL = "-Onone";
			};
			name = Debug;
		};
		06039F0F21B13F7600CC2881 /* Release */ = {
			isa = XCBuildConfiguration;
			buildSettings = {
				ALWAYS_SEARCH_USER_PATHS = NO;
				CLANG_ANALYZER_NONNULL = YES;
				CLANG_ANALYZER_NUMBER_OBJECT_CONVERSION = YES_AGGRESSIVE;
				CLANG_CXX_LANGUAGE_STANDARD = "gnu++14";
				CLANG_CXX_LIBRARY = "libc++";
				CLANG_ENABLE_MODULES = YES;
				CLANG_ENABLE_OBJC_ARC = YES;
				CLANG_ENABLE_OBJC_WEAK = YES;
				CLANG_WARN_BLOCK_CAPTURE_AUTORELEASING = YES;
				CLANG_WARN_BOOL_CONVERSION = YES;
				CLANG_WARN_COMMA = YES;
				CLANG_WARN_CONSTANT_CONVERSION = YES;
				CLANG_WARN_DEPRECATED_OBJC_IMPLEMENTATIONS = YES;
				CLANG_WARN_DIRECT_OBJC_ISA_USAGE = YES_ERROR;
				CLANG_WARN_DOCUMENTATION_COMMENTS = YES;
				CLANG_WARN_EMPTY_BODY = YES;
				CLANG_WARN_ENUM_CONVERSION = YES;
				CLANG_WARN_INFINITE_RECURSION = YES;
				CLANG_WARN_INT_CONVERSION = YES;
				CLANG_WARN_NON_LITERAL_NULL_CONVERSION = YES;
				CLANG_WARN_OBJC_IMPLICIT_RETAIN_SELF = YES;
				CLANG_WARN_OBJC_LITERAL_CONVERSION = YES;
				CLANG_WARN_OBJC_ROOT_CLASS = YES_ERROR;
				CLANG_WARN_RANGE_LOOP_ANALYSIS = YES;
				CLANG_WARN_STRICT_PROTOTYPES = YES;
				CLANG_WARN_SUSPICIOUS_MOVE = YES;
				CLANG_WARN_UNGUARDED_AVAILABILITY = YES_AGGRESSIVE;
				CLANG_WARN_UNREACHABLE_CODE = YES;
				CLANG_WARN__DUPLICATE_METHOD_MATCH = YES;
				CODE_SIGN_IDENTITY = "iPhone Developer";
				COPY_PHASE_STRIP = NO;
				DEBUG_INFORMATION_FORMAT = "dwarf-with-dsym";
				ENABLE_NS_ASSERTIONS = NO;
				ENABLE_STRICT_OBJC_MSGSEND = YES;
				GCC_C_LANGUAGE_STANDARD = gnu11;
				GCC_NO_COMMON_BLOCKS = YES;
				GCC_WARN_64_TO_32_BIT_CONVERSION = YES;
				GCC_WARN_ABOUT_RETURN_TYPE = YES_ERROR;
				GCC_WARN_UNDECLARED_SELECTOR = YES;
				GCC_WARN_UNINITIALIZED_AUTOS = YES_AGGRESSIVE;
				GCC_WARN_UNUSED_FUNCTION = YES;
				GCC_WARN_UNUSED_VARIABLE = YES;
				IPHONEOS_DEPLOYMENT_TARGET = 12.1;
				MTL_ENABLE_DEBUG_INFO = NO;
				MTL_FAST_MATH = YES;
				SDKROOT = iphoneos;
				SWIFT_COMPILATION_MODE = wholemodule;
				SWIFT_OPTIMIZATION_LEVEL = "-O";
				VALIDATE_PRODUCT = YES;
			};
			name = Release;
		};
		06039F1121B13F7600CC2881 /* Debug */ = {
			isa = XCBuildConfiguration;
			buildSettings = {
				ASSETCATALOG_COMPILER_APPICON_NAME = AppIcon;
				CODE_SIGN_STYLE = Automatic;
				DEVELOPMENT_TEAM = 43X6Z88D7P;
				INFOPLIST_FILE = Metal181130/Info.plist;
				LD_RUNPATH_SEARCH_PATHS = (
					"$(inherited)",
					"@executable_path/Frameworks",
				);
				PRODUCT_BUNDLE_IDENTIFIER = cn.buttfly.Metal181130;
				PRODUCT_NAME = "$(TARGET_NAME)";
				SWIFT_VERSION = 4.2;
				TARGETED_DEVICE_FAMILY = "1,2";
			};
			name = Debug;
		};
		06039F1221B13F7600CC2881 /* Release */ = {
			isa = XCBuildConfiguration;
			buildSettings = {
				ASSETCATALOG_COMPILER_APPICON_NAME = AppIcon;
				CODE_SIGN_STYLE = Automatic;
				DEVELOPMENT_TEAM = 43X6Z88D7P;
				INFOPLIST_FILE = Metal181130/Info.plist;
				LD_RUNPATH_SEARCH_PATHS = (
					"$(inherited)",
					"@executable_path/Frameworks",
				);
				PRODUCT_BUNDLE_IDENTIFIER = cn.buttfly.Metal181130;
				PRODUCT_NAME = "$(TARGET_NAME)";
				SWIFT_VERSION = 4.2;
				TARGETED_DEVICE_FAMILY = "1,2";
			};
			name = Release;
		};
		06039F1421B13F7600CC2881 /* Debug */ = {
			isa = XCBuildConfiguration;
			buildSettings = {
				ALWAYS_EMBED_SWIFT_STANDARD_LIBRARIES = YES;
				BUNDLE_LOADER = "$(TEST_HOST)";
				CODE_SIGN_STYLE = Automatic;
				DEVELOPMENT_TEAM = 43X6Z88D7P;
				INFOPLIST_FILE = Metal181130Tests/Info.plist;
				LD_RUNPATH_SEARCH_PATHS = (
					"$(inherited)",
					"@executable_path/Frameworks",
					"@loader_path/Frameworks",
				);
				PRODUCT_BUNDLE_IDENTIFIER = cn.buttfly.Metal181130Tests;
				PRODUCT_NAME = "$(TARGET_NAME)";
				SWIFT_VERSION = 4.2;
				TARGETED_DEVICE_FAMILY = "1,2";
				TEST_HOST = "$(BUILT_PRODUCTS_DIR)/Metal181130.app/Metal181130";
			};
			name = Debug;
		};
		06039F1521B13F7600CC2881 /* Release */ = {
			isa = XCBuildConfiguration;
			buildSettings = {
				ALWAYS_EMBED_SWIFT_STANDARD_LIBRARIES = YES;
				BUNDLE_LOADER = "$(TEST_HOST)";
				CODE_SIGN_STYLE = Automatic;
				DEVELOPMENT_TEAM = 43X6Z88D7P;
				INFOPLIST_FILE = Metal181130Tests/Info.plist;
				LD_RUNPATH_SEARCH_PATHS = (
					"$(inherited)",
					"@executable_path/Frameworks",
					"@loader_path/Frameworks",
				);
				PRODUCT_BUNDLE_IDENTIFIER = cn.buttfly.Metal181130Tests;
				PRODUCT_NAME = "$(TARGET_NAME)";
				SWIFT_VERSION = 4.2;
				TARGETED_DEVICE_FAMILY = "1,2";
				TEST_HOST = "$(BUILT_PRODUCTS_DIR)/Metal181130.app/Metal181130";
			};
			name = Release;
		};
		06039F1721B13F7600CC2881 /* Debug */ = {
			isa = XCBuildConfiguration;
			buildSettings = {
				ALWAYS_EMBED_SWIFT_STANDARD_LIBRARIES = YES;
				CODE_SIGN_STYLE = Automatic;
				DEVELOPMENT_TEAM = 43X6Z88D7P;
				INFOPLIST_FILE = Metal181130UITests/Info.plist;
				LD_RUNPATH_SEARCH_PATHS = (
					"$(inherited)",
					"@executable_path/Frameworks",
					"@loader_path/Frameworks",
				);
				PRODUCT_BUNDLE_IDENTIFIER = cn.buttfly.Metal181130UITests;
				PRODUCT_NAME = "$(TARGET_NAME)";
				SWIFT_VERSION = 4.2;
				TARGETED_DEVICE_FAMILY = "1,2";
				TEST_TARGET_NAME = Metal181130;
			};
			name = Debug;
		};
		06039F1821B13F7600CC2881 /* Release */ = {
			isa = XCBuildConfiguration;
			buildSettings = {
				ALWAYS_EMBED_SWIFT_STANDARD_LIBRARIES = YES;
				CODE_SIGN_STYLE = Automatic;
				DEVELOPMENT_TEAM = 43X6Z88D7P;
				INFOPLIST_FILE = Metal181130UITests/Info.plist;
				LD_RUNPATH_SEARCH_PATHS = (
					"$(inherited)",
					"@executable_path/Frameworks",
					"@loader_path/Frameworks",
				);
				PRODUCT_BUNDLE_IDENTIFIER = cn.buttfly.Metal181130UITests;
				PRODUCT_NAME = "$(TARGET_NAME)";
				SWIFT_VERSION = 4.2;
				TARGETED_DEVICE_FAMILY = "1,2";
				TEST_TARGET_NAME = Metal181130;
			};
			name = Release;
		};
/* End XCBuildConfiguration section */

/* Begin XCConfigurationList section */
		06039EE321B13F7000CC2881 /* Build configuration list for PBXProject "Metal181130" */ = {
			isa = XCConfigurationList;
			buildConfigurations = (
				06039F0E21B13F7600CC2881 /* Debug */,
				06039F0F21B13F7600CC2881 /* Release */,
			);
			defaultConfigurationIsVisible = 0;
			defaultConfigurationName = Release;
		};
		06039F1021B13F7600CC2881 /* Build configuration list for PBXNativeTarget "Metal181130" */ = {
			isa = XCConfigurationList;
			buildConfigurations = (
				06039F1121B13F7600CC2881 /* Debug */,
				06039F1221B13F7600CC2881 /* Release */,
			);
			defaultConfigurationIsVisible = 0;
			defaultConfigurationName = Release;
		};
		06039F1321B13F7600CC2881 /* Build configuration list for PBXNativeTarget "Metal181130Tests" */ = {
			isa = XCConfigurationList;
			buildConfigurations = (
				06039F1421B13F7600CC2881 /* Debug */,
				06039F1521B13F7600CC2881 /* Release */,
			);
			defaultConfigurationIsVisible = 0;
			defaultConfigurationName = Release;
		};
		06039F1621B13F7600CC2881 /* Build configuration list for PBXNativeTarget "Metal181130UITests" */ = {
			isa = XCConfigurationList;
			buildConfigurations = (
				06039F1721B13F7600CC2881 /* Debug */,
				06039F1821B13F7600CC2881 /* Release */,
			);
			defaultConfigurationIsVisible = 0;
			defaultConfigurationName = Release;
		};
/* End XCConfigurationList section */
	};
	rootObject = 06039EE021B13F7000CC2881 /* Project object */;
}
